
Microsoft Visual Studio Solution File, Format Version 12.00
# Visual Studio 14
VisualStudioVersion = 14.0.23107.0
MinimumVisualStudioVersion = 10.0.40219.1
Project("{FAE04EC0-301F-11D3-BF4B-00C04F79EFBC}") = "ClassWorkLinq", "ClassWorkLinq\ClassWorkLinq.csproj", "{1B7C820A-B3C5-482D-BDC6-6D765BFC5D07}"
EndProject
Global
	GlobalSection(SolutionConfigurationPlatforms) = preSolution
		Debug|Any CPU = Debug|Any CPU
		Release|Any CPU = Release|Any CPU
	EndGlobalSection
	GlobalSection(ProjectConfigurationPlatforms) = postSolution
		{1B7C820A-B3C5-482D-BDC6-6D765BFC5D07}.Debug|Any CPU.ActiveCfg = Debug|Any CPU
		{1B7C820A-B3C5-482D-BDC6-6D765BFC5D07}.Debug|Any CPU.Build.0 = Debug|Any CPU
		{1B7C820A-B3C5-482D-BDC6-6D765BFC5D07}.Release|Any CPU.ActiveCfg = Release|Any CPU
		{1B7C820A-B3C5-482D-BDC6-6D765BFC5D07}.Release|Any CPU.Build.0 = Release|Any CPU
	EndGlobalSection
	GlobalSection(SolutionProperties) = preSolution
		HideSolutionNode = FALSE
	EndGlobalSection
EndGlobal
